<?xml version="1.0" encoding="utf-8"?>
<Project ToolsVersion="4.0" xmlns="http://schemas.microsoft.com/developer/msbuild/2003">
  <ItemGroup>
    <Filter Include="Quellcodedateien">
      <UniqueIdentifier>{ccd3eadc-e2d8-4b60-996a-ce8e8d0e5dea}</UniqueIdentifier>
      <Extensions>cpp;c;cxx;rc;def;r;odl;idl;hpj;bat</Extensions>
    </Filter>
    <Filter Include="Header-Dateien">
      <UniqueIdentifier>{9c397b8f-07c1-4a4a-8d4c-acfd10cd7f72}</UniqueIdentifier>
      <Extensions>h;hpp;hxx;hm;inl</Extensions>
    </Filter>
    <Filter Include="Ressourcendateien">
      <UniqueIdentifier>{01b55041-e930-46e1-b7a5-4b4e24f1f9a9}</UniqueIdentifier>
      <Extensions>ico;cur;bmp;dlg;rc2;rct;bin;rgs;gif;jpg;jpeg;jpe</Extensions>
    </Filter>
  </ItemGroup>
  <ItemGroup>
    <ClCompile Include="cutSphereMove.cpp">
      <Filter>Quellcodedateien</Filter>
    </ClCompile>
    <ClCompile Include="mwArcFunction.cpp">
      <Filter>Quellcodedateien</Filter>
    </ClCompile>
    <ClCompile Include="mwException.cpp">
      <Filter>Quellcodedateien</Filter>
    </ClCompile>
    <ClCompile Include="mwIdxRangeException.cpp">
      <Filter>Quellcodedateien</Filter>
    </ClCompile>
    <ClCompile Include="CreateSkin.cpp">
      <Filter>Quellcodedateien</Filter>
    </ClCompile>
    <ClCompile Include="LinMove.cpp">
      <Filter>Quellcodedateien</Filter>
    </ClCompile>
    <ClCompile Include="Sphere.cpp">
      <Filter>Quellcodedateien</Filter>
    </ClCompile>
    <ClCompile Include="Skin.cpp">
      <Filter>Quellcodedateien</Filter>
    </ClCompile>
    <ClCompile Include="PointWriter.cpp">
      <Filter>Quellcodedateien</Filter>
    </ClCompile>
  </ItemGroup>
  <ItemGroup>
    <ClInclude Include="mwArcFunction.hpp">
      <Filter>Header-Dateien</Filter>
    </ClInclude>
    <ClInclude Include="mwDiscreteFunction.hpp">
      <Filter>Header-Dateien</Filter>
    </ClInclude>
    <ClInclude Include="mwException.hpp">
      <Filter>Header-Dateien</Filter>
    </ClInclude>
    <ClInclude Include="mwIdxRangeException.hpp">
      <Filter>Header-Dateien</Filter>
    </ClInclude>
    <ClInclude Include="mwTPoint3d.hpp">
      <Filter>Header-Dateien</Filter>
    </ClInclude>
    <ClInclude Include="CreateSkin.hpp">
      <Filter>Header-Dateien</Filter>
    </ClInclude>
    <ClInclude Include="LinMove.h">
      <Filter>Header-Dateien</Filter>
    </ClInclude>
    <ClInclude Include="Sphere.h">
      <Filter>Header-Dateien</Filter>
    </ClInclude>
    <ClInclude Include="Skin.h">
      <Filter>Header-Dateien</Filter>
    </ClInclude>
    <ClInclude Include="PointWriter.h">
      <Filter>Header-Dateien</Filter>
    </ClInclude>
  </ItemGroup>
</Project>